<Solution>
  <Folder Name="/src/" />
  <Folder Name="/src/Application/">
    <Project Path="src/Application/Pentatomic.Application.csproj" />
  </Folder>
  <Folder Name="/src/Domain/">
    <Project Path="src/Domain/Pentatomic.Domain.csproj" />
  </Folder>
  <Folder Name="/src/Infrastructure/">
    <Project Path="src/Infrastructure/Pentatomic.Infrastructure.csproj" />
  </Folder>
  <Folder Name="/src/Presentation/">
    <Project Path="src/Presentation/Pentatomic.Api/Pentatomic.Api.csproj" />
  </Folder>
</Solution>
